
Microsoft Visual Studio Solution File, Format Version 12.00
# Visual Studio Version 16
VisualStudioVersion = 16.0.31105.61
MinimumVisualStudioVersion = 10.0.40219.1
Project("{FAE04EC0-301F-11D3-BF4B-00C04F79EFBC}") = "MarsRover", "MarsRover\MarsRover.csproj", "{15527B96-4000-4A81-A668-09211D2F4702}"
EndProject
Project("{FAE04EC0-301F-11D3-BF4B-00C04F79EFBC}") = "MarsRoverTest", "MarsRoverTest\MarsRoverTest.csproj", "{E34AA10F-065D-4BBB-8D4D-F532B9C79296}"
EndProject
Global
	GlobalSection(SolutionConfigurationPlatforms) = preSolution
		Debug|Any CPU = Debug|Any CPU
		Release|Any CPU = Release|Any CPU
	EndGlobalSection
	GlobalSection(ProjectConfigurationPlatforms) = postSolution
		{15527B96-4000-4A81-A668-09211D2F4702}.Debug|Any CPU.ActiveCfg = Debug|Any CPU
		{15527B96-4000-4A81-A668-09211D2F4702}.Debug|Any CPU.Build.0 = Debug|Any CPU
		{15527B96-4000-4A81-A668-09211D2F4702}.Release|Any CPU.ActiveCfg = Release|Any CPU
		{15527B96-4000-4A81-A668-09211D2F4702}.Release|Any CPU.Build.0 = Release|Any CPU
		{E34AA10F-065D-4BBB-8D4D-F532B9C79296}.Debug|Any CPU.ActiveCfg = Debug|Any CPU
		{E34AA10F-065D-4BBB-8D4D-F532B9C79296}.Debug|Any CPU.Build.0 = Debug|Any CPU
		{E34AA10F-065D-4BBB-8D4D-F532B9C79296}.Release|Any CPU.ActiveCfg = Release|Any CPU
		{E34AA10F-065D-4BBB-8D4D-F532B9C79296}.Release|Any CPU.Build.0 = Release|Any CPU
	EndGlobalSection
	GlobalSection(SolutionProperties) = preSolution
		HideSolutionNode = FALSE
	EndGlobalSection
	GlobalSection(ExtensibilityGlobals) = postSolution
		SolutionGuid = {FC02BF26-72A1-4B98-83E5-6FB96A1BCD14}
	EndGlobalSection
EndGlobal
